// !$*UTF8*$!
{
	archiveVersion = 1;
	classes = {
	};
	objectVersion = 50;
	objects = {

/* Begin PBXBuildFile section */
		EB033D4825E2E7DD00A63D94 /* DetailViewController.swift in Sources */ = {isa = PBXBuildFile; fileRef = EB033D4725E2E7DD00A63D94 /* DetailViewController.swift */; };
		EB033D4B25E2F7A300A63D94 /* DateViewController.swift in Sources */ = {isa = PBXBuildFile; fileRef = EB033D4A25E2F7A300A63D94 /* DateViewController.swift */; };
		EB033D4F25E9B4E300A63D94 /* ImageStore.swift in Sources */ = {isa = PBXBuildFile; fileRef = EB033D4E25E9B4E300A63D94 /* ImageStore.swift */; };
		EB1BCDF925E184BC00D51514 /* AppDelegate.swift in Sources */ = {isa = PBXBuildFile; fileRef = EB1BCDF825E184BC00D51514 /* AppDelegate.swift */; };
		EB1BCDFB25E184BC00D51514 /* SceneDelegate.swift in Sources */ = {isa = PBXBuildFile; fileRef = EB1BCDFA25E184BC00D51514 /* SceneDelegate.swift */; };
		EB1BCE0025E184BC00D51514 /* Main.storyboard in Resources */ = {isa = PBXBuildFile; fileRef = EB1BCDFE25E184BC00D51514 /* Main.storyboard */; };
		EB1BCE0225E184BD00D51514 /* Assets.xcassets in Resources */ = {isa = PBXBuildFile; fileRef = EB1BCE0125E184BD00D51514 /* Assets.xcassets */; };
		EB1BCE0525E184BD00D51514 /* LaunchScreen.storyboard in Resources */ = {isa = PBXBuildFile; fileRef = EB1BCE0325E184BD00D51514 /* LaunchScreen.storyboard */; };
		EB1BCE0E25E1851E00D51514 /* ItemsTableViewController.swift in Sources */ = {isa = PBXBuildFile; fileRef = EB1BCE0D25E1851E00D51514 /* ItemsTableViewController.swift */; };
		EB1BCE1225E1889A00D51514 /* Item.swift in Sources */ = {isa = PBXBuildFile; fileRef = EB1BCE1125E1889A00D51514 /* Item.swift */; };
		EB1BCE1525E18F1C00D51514 /* ItemStore.swift in Sources */ = {isa = PBXBuildFile; fileRef = EB1BCE1425E18F1C00D51514 /* ItemStore.swift */; };
		EB1BCE1825E1B1C800D51514 /* ItemCell.swift in Sources */ = {isa = PBXBuildFile; fileRef = EB1BCE1725E1B1C800D51514 /* ItemCell.swift */; };
/* End PBXBuildFile section */

/* Begin PBXFileReference section */
		EB033D4725E2E7DD00A63D94 /* DetailViewController.swift */ = {isa = PBXFileReference; lastKnownFileType = sourcecode.swift; path = DetailViewController.swift; sourceTree = "<group>"; };
		EB033D4A25E2F7A300A63D94 /* DateViewController.swift */ = {isa = PBXFileReference; lastKnownFileType = sourcecode.swift; path = DateViewController.swift; sourceTree = "<group>"; };
		EB033D4E25E9B4E300A63D94 /* ImageStore.swift */ = {isa = PBXFileReference; lastKnownFileType = sourcecode.swift; path = ImageStore.swift; sourceTree = "<group>"; };
		EB1BCDF525E184BC00D51514 /* LootLogger.app */ = {isa = PBXFileReference; explicitFileType = wrapper.application; includeInIndex = 0; path = LootLogger.app; sourceTree = BUILT_PRODUCTS_DIR; };
		EB1BCDF825E184BC00D51514 /* AppDelegate.swift */ = {isa = PBXFileReference; lastKnownFileType = sourcecode.swift; path = AppDelegate.swift; sourceTree = "<group>"; };
		EB1BCDFA25E184BC00D51514 /* SceneDelegate.swift */ = {isa = PBXFileReference; lastKnownFileType = sourcecode.swift; path = SceneDelegate.swift; sourceTree = "<group>"; };
		EB1BCDFF25E184BC00D51514 /* Base */ = {isa = PBXFileReference; lastKnownFileType = file.storyboard; name = Base; path = Base.lproj/Main.storyboard; sourceTree = "<group>"; };
		EB1BCE0125E184BD00D51514 /* Assets.xcassets */ = {isa = PBXFileReference; lastKnownFileType = folder.assetcatalog; path = Assets.xcassets; sourceTree = "<group>"; };
		EB1BCE0425E184BD00D51514 /* Base */ = {isa = PBXFileReference; lastKnownFileType = file.storyboard; name = Base; path = Base.lproj/LaunchScreen.storyboard; sourceTree = "<group>"; };
		EB1BCE0625E184BD00D51514 /* Info.plist */ = {isa = PBXFileReference; lastKnownFileType = text.plist.xml; path = Info.plist; sourceTree = "<group>"; };
		EB1BCE0D25E1851E00D51514 /* ItemsTableViewController.swift */ = {isa = PBXFileReference; lastKnownFileType = sourcecode.swift; path = ItemsTableViewController.swift; sourceTree = "<group>"; };
		EB1BCE1125E1889A00D51514 /* Item.swift */ = {isa = PBXFileReference; lastKnownFileType = sourcecode.swift; path = Item.swift; sourceTree = "<group>"; };
		EB1BCE1425E18F1C00D51514 /* ItemStore.swift */ = {isa = PBXFileReference; lastKnownFileType = sourcecode.swift; path = ItemStore.swift; sourceTree = "<group>"; };
		EB1BCE1725E1B1C800D51514 /* ItemCell.swift */ = {isa = PBXFileReference; lastKnownFileType = sourcecode.swift; path = ItemCell.swift; sourceTree = "<group>"; };
/* End PBXFileReference section */

/* Begin PBXFrameworksBuildPhase section */
		EB1BCDF225E184BC00D51514 /* Frameworks */ = {
			isa = PBXFrameworksBuildPhase;
			buildActionMask = 2147483647;
			files = (
			);
			runOnlyForDeploymentPostprocessing = 0;
		};
/* End PBXFrameworksBuildPhase section */

/* Begin PBXGroup section */
		EB1BCDEC25E184BC00D51514 = {
			isa = PBXGroup;
			children = (
				EB1BCDF725E184BC00D51514 /* LootLogger */,
				EB1BCDF625E184BC00D51514 /* Products */,
			);
			sourceTree = "<group>";
		};
		EB1BCDF625E184BC00D51514 /* Products */ = {
			isa = PBXGroup;
			children = (
				EB1BCDF525E184BC00D51514 /* LootLogger.app */,
			);
			name = Products;
			sourceTree = "<group>";
		};
		EB1BCDF725E184BC00D51514 /* LootLogger */ = {
			isa = PBXGroup;
			children = (
				EB1BCDF825E184BC00D51514 /* AppDelegate.swift */,
				EB1BCDFA25E184BC00D51514 /* SceneDelegate.swift */,
				EB1BCDFE25E184BC00D51514 /* Main.storyboard */,
				EB1BCE0125E184BD00D51514 /* Assets.xcassets */,
				EB1BCE0325E184BD00D51514 /* LaunchScreen.storyboard */,
				EB1BCE0625E184BD00D51514 /* Info.plist */,
				EB1BCE0D25E1851E00D51514 /* ItemsTableViewController.swift */,
				EB033D4725E2E7DD00A63D94 /* DetailViewController.swift */,
				EB1BCE1125E1889A00D51514 /* Item.swift */,
				EB1BCE1425E18F1C00D51514 /* ItemStore.swift */,
				EB1BCE1725E1B1C800D51514 /* ItemCell.swift */,
				EB033D4A25E2F7A300A63D94 /* DateViewController.swift */,
				EB033D4E25E9B4E300A63D94 /* ImageStore.swift */,
			);
			path = LootLogger;
			sourceTree = "<group>";
		};
/* End PBXGroup section */

/* Begin PBXNativeTarget section */
		EB1BCDF425E184BC00D51514 /* LootLogger */ = {
			isa = PBXNativeTarget;
			buildConfigurationList = EB1BCE0925E184BD00D51514 /* Build configuration list for PBXNativeTarget "LootLogger" */;
			buildPhases = (
				EB1BCDF125E184BC00D51514 /* Sources */,
				EB1BCDF225E184BC00D51514 /* Frameworks */,
				EB1BCDF325E184BC00D51514 /* Resources */,
			);
			buildRules = (
			);
			dependencies = (
			);
			name = LootLogger;
			productName = LootLogger;
			productReference = EB1BCDF525E184BC00D51514 /* LootLogger.app */;
			productType = "com.apple.product-type.application";
		};
/* End PBXNativeTarget section */

/* Begin PBXProject section */
		EB1BCDED25E184BC00D51514 /* Project object */ = {
			isa = PBXProject;
			attributes = {
				LastSwiftUpdateCheck = 1240;
				LastUpgradeCheck = 1240;
				TargetAttributes = {
					EB1BCDF425E184BC00D51514 = {
						CreatedOnToolsVersion = 12.4;
					};
				};
			};
			buildConfigurationList = EB1BCDF025E184BC00D51514 /* Build configuration list for PBXProject "LootLogger" */;
			compatibilityVersion = "Xcode 9.3";
			developmentRegion = en;
			hasScannedForEncodings = 0;
			knownRegions = (
				en,
				Base,
			);
			mainGroup = EB1BCDEC25E184BC00D51514;
			productRefGroup = EB1BCDF625E184BC00D51514 /* Products */;
			projectDirPath = "";
			projectRoot = "";
			targets = (
				EB1BCDF425E184BC00D51514 /* LootLogger */,
			);
		};
/* End PBXProject section */

/* Begin PBXResourcesBuildPhase section */
		EB1BCDF325E184BC00D51514 /* Resources */ = {
			isa = PBXResourcesBuildPhase;
			buildActionMask = 2147483647;
			files = (
				EB1BCE0525E184BD00D51514 /* LaunchScreen.storyboard in Resources */,
				EB1BCE0225E184BD00D51514 /* Assets.xcassets in Resources */,
				EB1BCE0025E184BC00D51514 /* Main.storyboard in Resources */,
			);
			runOnlyForDeploymentPostprocessing = 0;
		};
/* End PBXResourcesBuildPhase section */

/* Begin PBXSourcesBuildPhase section */
		EB1BCDF125E184BC00D51514 /* Sources */ = {
			isa = PBXSourcesBuildPhase;
			buildActionMask = 2147483647;
			files = (
				EB033D4B25E2F7A300A63D94 /* DateViewController.swift in Sources */,
				EB1BCE1225E1889A00D51514 /* Item.swift in Sources */,
				EB1BCDF925E184BC00D51514 /* AppDelegate.swift in Sources */,
				EB1BCE0E25E1851E00D51514 /* ItemsTableViewController.swift in Sources */,
				EB1BCE1525E18F1C00D51514 /* ItemStore.swift in Sources */,
				EB033D4F25E9B4E300A63D94 /* ImageStore.swift in Sources */,
				EB1BCE1825E1B1C800D51514 /* ItemCell.swift in Sources */,
				EB1BCDFB25E184BC00D51514 /* SceneDelegate.swift in Sources */,
				EB033D4825E2E7DD00A63D94 /* DetailViewController.swift in Sources */,
			);
			runOnlyForDeploymentPostprocessing = 0;
		};
/* End PBXSourcesBuildPhase section */

/* Begin PBXVariantGroup section */
		EB1BCDFE25E184BC00D51514 /* Main.storyboard */ = {
			isa = PBXVariantGroup;
			children = (
				EB1BCDFF25E184BC00D51514 /* Base */,
			);
			name = Main.storyboard;
			sourceTree = "<group>";
		};
		EB1BCE0325E184BD00D51514 /* LaunchScreen.storyboard */ = {
			isa = PBXVariantGroup;
			children = (
				EB1BCE0425E184BD00D51514 /* Base */,
			);
			name = LaunchScreen.storyboard;
			sourceTree = "<group>";
		};
/* End PBXVariantGroup section */

/* Begin XCBuildConfiguration section */
		EB1BCE0725E184BD00D51514 /* Debug */ = {
			isa = XCBuildConfiguration;
			buildSettings = {
				ALWAYS_SEARCH_USER_PATHS = NO;
				CLANG_ANALYZER_NONNULL = YES;
				CLANG_ANALYZER_NUMBER_OBJECT_CONVERSION = YES_AGGRESSIVE;
				CLANG_CXX_LANGUAGE_STANDARD = "gnu++14";
				CLANG_CXX_LIBRARY = "libc++";
				CLANG_ENABLE_MODULES = YES;
				CLANG_ENABLE_OBJC_ARC = YES;
				CLANG_ENABLE_OBJC_WEAK = YES;
				CLANG_WARN_BLOCK_CAPTURE_AUTORELEASING = YES;
				CLANG_WARN_BOOL_CONVERSION = YES;
				CLANG_WARN_COMMA = YES;
				CLANG_WARN_CONSTANT_CONVERSION = YES;
				CLANG_WARN_DEPRECATED_OBJC_IMPLEMENTATIONS = YES;
				CLANG_WARN_DIRECT_OBJC_ISA_USAGE = YES_ERROR;
				CLANG_WARN_DOCUMENTATION_COMMENTS = YES;
				CLANG_WARN_EMPTY_BODY = YES;
				CLANG_WARN_ENUM_CONVERSION = YES;
				CLANG_WARN_INFINITE_RECURSION = YES;
				CLANG_WARN_INT_CONVERSION = YES;
				CLANG_WARN_NON_LITERAL_NULL_CONVERSION = YES;
				CLANG_WARN_OBJC_IMPLICIT_RETAIN_SELF = YES;
				CLANG_WARN_OBJC_LITERAL_CONVERSION = YES;
				CLANG_WARN_OBJC_ROOT_CLASS = YES_ERROR;
				CLANG_WARN_QUOTED_INCLUDE_IN_FRAMEWORK_HEADER = YES;
				CLANG_WARN_RANGE_LOOP_ANALYSIS = YES;
				CLANG_WARN_STRICT_PROTOTYPES = YES;
				CLANG_WARN_SUSPICIOUS_MOVE = YES;
				CLANG_WARN_UNGUARDED_AVAILABILITY = YES_AGGRESSIVE;
				CLANG_WARN_UNREACHABLE_CODE = YES;
				CLANG_WARN__DUPLICATE_METHOD_MATCH = YES;
				COPY_PHASE_STRIP = NO;
				DEBUG_INFORMATION_FORMAT = dwarf;
				ENABLE_STRICT_OBJC_MSGSEND = YES;
				ENABLE_TESTABILITY = YES;
				GCC_C_LANGUAGE_STANDARD = gnu11;
				GCC_DYNAMIC_NO_PIC = NO;
				GCC_NO_COMMON_BLOCKS = YES;
				GCC_OPTIMIZATION_LEVEL = 0;
				GCC_PREPROCESSOR_DEFINITIONS = (
					"DEBUG=1",
					"$(inherited)",
				);
				GCC_WARN_64_TO_32_BIT_CONVERSION = YES;
				GCC_WARN_ABOUT_RETURN_TYPE = YES_ERROR;
				GCC_WARN_UNDECLARED_SELECTOR = YES;
				GCC_WARN_UNINITIALIZED_AUTOS = YES_AGGRESSIVE;
				GCC_WARN_UNUSED_FUNCTION = YES;
				GCC_WARN_UNUSED_VARIABLE = YES;
				IPHONEOS_DEPLOYMENT_TARGET = 14.4;
				MTL_ENABLE_DEBUG_INFO = INCLUDE_SOURCE;
				MTL_FAST_MATH = YES;
				ONLY_ACTIVE_ARCH = YES;
				SDKROOT = iphoneos;
				SWIFT_ACTIVE_COMPILATION_CONDITIONS = DEBUG;
				SWIFT_OPTIMIZATION_LEVEL = "-Onone";
			};
			name = Debug;
		};
		EB1BCE0825E184BD00D51514 /* Release */ = {
			isa = XCBuildConfiguration;
			buildSettings = {
				ALWAYS_SEARCH_USER_PATHS = NO;
				CLANG_ANALYZER_NONNULL = YES;
				CLANG_ANALYZER_NUMBER_OBJECT_CONVERSION = YES_AGGRESSIVE;
				CLANG_CXX_LANGUAGE_STANDARD = "gnu++14";
				CLANG_CXX_LIBRARY = "libc++";
				CLANG_ENABLE_MODULES = YES;
				CLANG_ENABLE_OBJC_ARC = YES;
				CLANG_ENABLE_OBJC_WEAK = YES;
				CLANG_WARN_BLOCK_CAPTURE_AUTORELEASING = YES;
				CLANG_WARN_BOOL_CONVERSION = YES;
				CLANG_WARN_COMMA = YES;
				CLANG_WARN_CONSTANT_CONVERSION = YES;
				CLANG_WARN_DEPRECATED_OBJC_IMPLEMENTATIONS = YES;
				CLANG_WARN_DIRECT_OBJC_ISA_USAGE = YES_ERROR;
				CLANG_WARN_DOCUMENTATION_COMMENTS = YES;
				CLANG_WARN_EMPTY_BODY = YES;
				CLANG_WARN_ENUM_CONVERSION = YES;
				CLANG_WARN_INFINITE_RECURSION = YES;
				CLANG_WARN_INT_CONVERSION = YES;
				CLANG_WARN_NON_LITERAL_NULL_CONVERSION = YES;
				CLANG_WARN_OBJC_IMPLICIT_RETAIN_SELF = YES;
				CLANG_WARN_OBJC_LITERAL_CONVERSION = YES;
				CLANG_WARN_OBJC_ROOT_CLASS = YES_ERROR;
				CLANG_WARN_QUOTED_INCLUDE_IN_FRAMEWORK_HEADER = YES;
				CLANG_WARN_RANGE_LOOP_ANALYSIS = YES;
				CLANG_WARN_STRICT_PROTOTYPES = YES;
				CLANG_WARN_SUSPICIOUS_MOVE = YES;
				CLANG_WARN_UNGUARDED_AVAILABILITY = YES_AGGRESSIVE;
				CLANG_WARN_UNREACHABLE_CODE = YES;
				CLANG_WARN__DUPLICATE_METHOD_MATCH = YES;
				COPY_PHASE_STRIP = NO;
				DEBUG_INFORMATION_FORMAT = "dwarf-with-dsym";
				ENABLE_NS_ASSERTIONS = NO;
				ENABLE_STRICT_OBJC_MSGSEND = YES;
				GCC_C_LANGUAGE_STANDARD = gnu11;
				GCC_NO_COMMON_BLOCKS = YES;
				GCC_WARN_64_TO_32_BIT_CONVERSION = YES;
				GCC_WARN_ABOUT_RETURN_TYPE = YES_ERROR;
				GCC_WARN_UNDECLARED_SELECTOR = YES;
				GCC_WARN_UNINITIALIZED_AUTOS = YES_AGGRESSIVE;
				GCC_WARN_UNUSED_FUNCTION = YES;
				GCC_WARN_UNUSED_VARIABLE = YES;
				IPHONEOS_DEPLOYMENT_TARGET = 14.4;
				MTL_ENABLE_DEBUG_INFO = NO;
				MTL_FAST_MATH = YES;
				SDKROOT = iphoneos;
				SWIFT_COMPILATION_MODE = wholemodule;
				SWIFT_OPTIMIZATION_LEVEL = "-O";
				VALIDATE_PRODUCT = YES;
			};
			name = Release;
		};
		EB1BCE0A25E184BD00D51514 /* Debug */ = {
			isa = XCBuildConfiguration;
			buildSettings = {
				ASSETCATALOG_COMPILER_APPICON_NAME = AppIcon;
				ASSETCATALOG_COMPILER_GLOBAL_ACCENT_COLOR_NAME = AccentColor;
				CODE_SIGN_STYLE = Automatic;
				DEVELOPMENT_TEAM = C2R2Y7C82Q;
				INFOPLIST_FILE = LootLogger/Info.plist;
				LD_RUNPATH_SEARCH_PATHS = (
					"$(inherited)",
					"@executable_path/Frameworks",
				);
				PRODUCT_BUNDLE_IDENTIFIER = com.lesniak.LootLogger;
				PRODUCT_NAME = "$(TARGET_NAME)";
				SWIFT_VERSION = 5.0;
				TARGETED_DEVICE_FAMILY = "1,2";
			};
			name = Debug;
		};
		EB1BCE0B25E184BD00D51514 /* Release */ = {
			isa = XCBuildConfiguration;
			buildSettings = {
				ASSETCATALOG_COMPILER_APPICON_NAME = AppIcon;
				ASSETCATALOG_COMPILER_GLOBAL_ACCENT_COLOR_NAME = AccentColor;
				CODE_SIGN_STYLE = Automatic;
				DEVELOPMENT_TEAM = C2R2Y7C82Q;
				INFOPLIST_FILE = LootLogger/Info.plist;
				LD_RUNPATH_SEARCH_PATHS = (
					"$(inherited)",
					"@executable_path/Frameworks",
				);
				PRODUCT_BUNDLE_IDENTIFIER = com.lesniak.LootLogger;
				PRODUCT_NAME = "$(TARGET_NAME)";
				SWIFT_VERSION = 5.0;
				TARGETED_DEVICE_FAMILY = "1,2";
			};
			name = Release;
		};
/* End XCBuildConfiguration section */

/* Begin XCConfigurationList section */
		EB1BCDF025E184BC00D51514 /* Build configuration list for PBXProject "LootLogger" */ = {
			isa = XCConfigurationList;
			buildConfigurations = (
				EB1BCE0725E184BD00D51514 /* Debug */,
				EB1BCE0825E184BD00D51514 /* Release */,
			);
			defaultConfigurationIsVisible = 0;
			defaultConfigurationName = Release;
		};
		EB1BCE0925E184BD00D51514 /* Build configuration list for PBXNativeTarget "LootLogger" */ = {
			isa = XCConfigurationList;
			buildConfigurations = (
				EB1BCE0A25E184BD00D51514 /* Debug */,
				EB1BCE0B25E184BD00D51514 /* Release */,
			);
			defaultConfigurationIsVisible = 0;
			defaultConfigurationName = Release;
		};
/* End XCConfigurationList section */
	};
	rootObject = EB1BCDED25E184BC00D51514 /* Project object */;
}
